
Microsoft Visual Studio Solution File, Format Version 12.00
# Visual Studio Version 17
VisualStudioVersion = 17.0.32014.148
MinimumVisualStudioVersion = 10.0.40219.1
Project("{FAE04EC0-301F-11D3-BF4B-00C04F79EFBC}") = "FactoryPattern", "FactoryPattern.csproj", "{FCDC9F55-B5DC-48FF-AB91-75043684787E}"
EndProject
Global
	GlobalSection(SolutionConfigurationPlatforms) = preSolution
		Debug|Any CPU = Debug|Any CPU
		Release|Any CPU = Release|Any CPU
	EndGlobalSection
	GlobalSection(ProjectConfigurationPlatforms) = postSolution
		{FCDC9F55-B5DC-48FF-AB91-75043684787E}.Debug|Any CPU.ActiveCfg = Debug|Any CPU
		{FCDC9F55-B5DC-48FF-AB91-75043684787E}.Debug|Any CPU.Build.0 = Debug|Any CPU
		{FCDC9F55-B5DC-48FF-AB91-75043684787E}.Release|Any CPU.ActiveCfg = Release|Any CPU
		{FCDC9F55-B5DC-48FF-AB91-75043684787E}.Release|Any CPU.Build.0 = Release|Any CPU
	EndGlobalSection
	GlobalSection(SolutionProperties) = preSolution
		HideSolutionNode = FALSE
	EndGlobalSection
	GlobalSection(ExtensibilityGlobals) = postSolution
		SolutionGuid = {A61AD9F2-2233-478A-B4BB-46619750ADFA}
	EndGlobalSection
EndGlobal
